
Microsoft Visual Studio Solution File, Format Version 12.00
# Visual Studio 15
VisualStudioVersion = 15.0.28010.2046
MinimumVisualStudioVersion = 10.0.40219.1
Project("{FAE04EC0-301F-11D3-BF4B-00C04F79EFBC}") = "AvtoMaster", "AvtoMaster\AvtoMaster.csproj", "{C453F5B0-2505-4937-955F-9C436B216D2B}"
EndProject
Global
	GlobalSection(SolutionConfigurationPlatforms) = preSolution
		Debug|Any CPU = Debug|Any CPU
		Release|Any CPU = Release|Any CPU
	EndGlobalSection
	GlobalSection(ProjectConfigurationPlatforms) = postSolution
		{C453F5B0-2505-4937-955F-9C436B216D2B}.Debug|Any CPU.ActiveCfg = Debug|Any CPU
		{C453F5B0-2505-4937-955F-9C436B216D2B}.Debug|Any CPU.Build.0 = Debug|Any CPU
		{C453F5B0-2505-4937-955F-9C436B216D2B}.Release|Any CPU.ActiveCfg = Release|Any CPU
		{C453F5B0-2505-4937-955F-9C436B216D2B}.Release|Any CPU.Build.0 = Release|Any CPU
	EndGlobalSection
	GlobalSection(SolutionProperties) = preSolution
		HideSolutionNode = FALSE
	EndGlobalSection
	GlobalSection(ExtensibilityGlobals) = postSolution
		SolutionGuid = {043A101C-B200-46A2-B73E-503E8678AD68}
	EndGlobalSection
EndGlobal
